
Microsoft Visual Studio Solution File, Format Version 11.00
# Visual Studio 2010
Project("{FAE04EC0-301F-11D3-BF4B-00C04F79EFBC}") = "Interest", "Interest\Interest.csproj", "{1F56B2B2-8532-4518-9A5D-CEC75F22006D}"
EndProject
Global
	GlobalSection(SolutionConfigurationPlatforms) = preSolution
		Debug|x86 = Debug|x86
		Release|x86 = Release|x86
	EndGlobalSection
	GlobalSection(ProjectConfigurationPlatforms) = postSolution
		{1F56B2B2-8532-4518-9A5D-CEC75F22006D}.Debug|x86.ActiveCfg = Debug|x86
		{1F56B2B2-8532-4518-9A5D-CEC75F22006D}.Debug|x86.Build.0 = Debug|x86
		{1F56B2B2-8532-4518-9A5D-CEC75F22006D}.Release|x86.ActiveCfg = Release|x86
		{1F56B2B2-8532-4518-9A5D-CEC75F22006D}.Release|x86.Build.0 = Release|x86
	EndGlobalSection
	GlobalSection(SolutionProperties) = preSolution
		HideSolutionNode = FALSE
	EndGlobalSection
EndGlobal
